// !$*UTF8*$!
{
	archiveVersion = 1;
	classes = {
	};
	objectVersion = 50;
	objects = {

/* Begin PBXBuildFile section */
		00215D3B21709B9400968229 /* AppDelegate.m in Sources */ = {isa = PBXBuildFile; fileRef = 00215D3A21709B9400968229 /* AppDelegate.m */; };
		00215D3E21709B9400968229 /* ViewController.m in Sources */ = {isa = PBXBuildFile; fileRef = 00215D3D21709B9400968229 /* ViewController.m */; };
		00215D4121709B9400968229 /* Main.storyboard in Resources */ = {isa = PBXBuildFile; fileRef = 00215D3F21709B9400968229 /* Main.storyboard */; };
		00215D4321709B9600968229 /* Assets.xcassets in Resources */ = {isa = PBXBuildFile; fileRef = 00215D4221709B9600968229 /* Assets.xcassets */; };
		00215D4621709B9600968229 /* LaunchScreen.storyboard in Resources */ = {isa = PBXBuildFile; fileRef = 00215D4421709B9600968229 /* LaunchScreen.storyboard */; };
		00215D4921709B9600968229 /* main.m in Sources */ = {isa = PBXBuildFile; fileRef = 00215D4821709B9600968229 /* main.m */; };
/* End PBXBuildFile section */

/* Begin PBXFileReference section */
		00215D3621709B9400968229 /* __attribute__.app */ = {isa = PBXFileReference; explicitFileType = wrapper.application; includeInIndex = 0; path = __attribute__.app; sourceTree = BUILT_PRODUCTS_DIR; };
		00215D3921709B9400968229 /* AppDelegate.h */ = {isa = PBXFileReference; lastKnownFileType = sourcecode.c.h; path = AppDelegate.h; sourceTree = "<group>"; };
		00215D3A21709B9400968229 /* AppDelegate.m */ = {isa = PBXFileReference; lastKnownFileType = sourcecode.c.objc; path = AppDelegate.m; sourceTree = "<group>"; };
		00215D3C21709B9400968229 /* ViewController.h */ = {isa = PBXFileReference; lastKnownFileType = sourcecode.c.h; path = ViewController.h; sourceTree = "<group>"; };
		00215D3D21709B9400968229 /* ViewController.m */ = {isa = PBXFileReference; lastKnownFileType = sourcecode.c.objc; path = ViewController.m; sourceTree = "<group>"; };
		00215D4021709B9400968229 /* Base */ = {isa = PBXFileReference; lastKnownFileType = file.storyboard; name = Base; path = Base.lproj/Main.storyboard; sourceTree = "<group>"; };
		00215D4221709B9600968229 /* Assets.xcassets */ = {isa = PBXFileReference; lastKnownFileType = folder.assetcatalog; path = Assets.xcassets; sourceTree = "<group>"; };
		00215D4521709B9600968229 /* Base */ = {isa = PBXFileReference; lastKnownFileType = file.storyboard; name = Base; path = Base.lproj/LaunchScreen.storyboard; sourceTree = "<group>"; };
		00215D4721709B9600968229 /* Info.plist */ = {isa = PBXFileReference; lastKnownFileType = text.plist.xml; path = Info.plist; sourceTree = "<group>"; };
		00215D4821709B9600968229 /* main.m */ = {isa = PBXFileReference; lastKnownFileType = sourcecode.c.objc; path = main.m; sourceTree = "<group>"; };
/* End PBXFileReference section */

/* Begin PBXFrameworksBuildPhase section */
		00215D3321709B9400968229 /* Frameworks */ = {
			isa = PBXFrameworksBuildPhase;
			buildActionMask = 2147483647;
			files = (
			);
			runOnlyForDeploymentPostprocessing = 0;
		};
/* End PBXFrameworksBuildPhase section */

/* Begin PBXGroup section */
		00215D2D21709B9400968229 = {
			isa = PBXGroup;
			children = (
				00215D3821709B9400968229 /* __attribute__ */,
				00215D3721709B9400968229 /* Products */,
			);
			sourceTree = "<group>";
		};
		00215D3721709B9400968229 /* Products */ = {
			isa = PBXGroup;
			children = (
				00215D3621709B9400968229 /* __attribute__.app */,
			);
			name = Products;
			sourceTree = "<group>";
		};
		00215D3821709B9400968229 /* __attribute__ */ = {
			isa = PBXGroup;
			children = (
				00215D3921709B9400968229 /* AppDelegate.h */,
				00215D3A21709B9400968229 /* AppDelegate.m */,
				00215D3C21709B9400968229 /* ViewController.h */,
				00215D3D21709B9400968229 /* ViewController.m */,
				00215D3F21709B9400968229 /* Main.storyboard */,
				00215D4221709B9600968229 /* Assets.xcassets */,
				00215D4421709B9600968229 /* LaunchScreen.storyboard */,
				00215D4721709B9600968229 /* Info.plist */,
				00215D4821709B9600968229 /* main.m */,
			);
			path = __attribute__;
			sourceTree = "<group>";
		};
/* End PBXGroup section */

/* Begin PBXNativeTarget section */
		00215D3521709B9400968229 /* __attribute__ */ = {
			isa = PBXNativeTarget;
			buildConfigurationList = 00215D4C21709B9600968229 /* Build configuration list for PBXNativeTarget "__attribute__" */;
			buildPhases = (
				00215D3221709B9400968229 /* Sources */,
				00215D3321709B9400968229 /* Frameworks */,
				00215D3421709B9400968229 /* Resources */,
			);
			buildRules = (
			);
			dependencies = (
			);
			name = __attribute__;
			productName = __attribute__;
			productReference = 00215D3621709B9400968229 /* __attribute__.app */;
			productType = "com.apple.product-type.application";
		};
/* End PBXNativeTarget section */

/* Begin PBXProject section */
		00215D2E21709B9400968229 /* Project object */ = {
			isa = PBXProject;
			attributes = {
				LastUpgradeCheck = 1000;
				ORGANIZATIONNAME = "储诚鹏";
				TargetAttributes = {
					00215D3521709B9400968229 = {
						CreatedOnToolsVersion = 10.0;
					};
				};
			};
			buildConfigurationList = 00215D3121709B9400968229 /* Build configuration list for PBXProject "__attribute__" */;
			compatibilityVersion = "Xcode 9.3";
			developmentRegion = en;
			hasScannedForEncodings = 0;
			knownRegions = (
				en,
				Base,
			);
			mainGroup = 00215D2D21709B9400968229;
			productRefGroup = 00215D3721709B9400968229 /* Products */;
			projectDirPath = "";
			projectRoot = "";
			targets = (
				00215D3521709B9400968229 /* __attribute__ */,
			);
		};
/* End PBXProject section */

/* Begin PBXResourcesBuildPhase section */
		00215D3421709B9400968229 /* Resources */ = {
			isa = PBXResourcesBuildPhase;
			buildActionMask = 2147483647;
			files = (
				00215D4621709B9600968229 /* LaunchScreen.storyboard in Resources */,
				00215D4321709B9600968229 /* Assets.xcassets in Resources */,
				00215D4121709B9400968229 /* Main.storyboard in Resources */,
			);
			runOnlyForDeploymentPostprocessing = 0;
		};
/* End PBXResourcesBuildPhase section */

/* Begin PBXSourcesBuildPhase section */
		00215D3221709B9400968229 /* Sources */ = {
			isa = PBXSourcesBuildPhase;
			buildActionMask = 2147483647;
			files = (
				00215D3E21709B9400968229 /* ViewController.m in Sources */,
				00215D4921709B9600968229 /* main.m in Sources */,
				00215D3B21709B9400968229 /* AppDelegate.m in Sources */,
			);
			runOnlyForDeploymentPostprocessing = 0;
		};
/* End PBXSourcesBuildPhase section */

/* Begin PBXVariantGroup section */
		00215D3F21709B9400968229 /* Main.storyboard */ = {
			isa = PBXVariantGroup;
			children = (
				00215D4021709B9400968229 /* Base */,
			);
			name = Main.storyboard;
			sourceTree = "<group>";
		};
		00215D4421709B9600968229 /* LaunchScreen.storyboard */ = {
			isa = PBXVariantGroup;
			children = (
				00215D4521709B9600968229 /* Base */,
			);
			name = LaunchScreen.storyboard;
			sourceTree = "<group>";
		};
/* End PBXVariantGroup section */

/* Begin XCBuildConfiguration section */
		00215D4A21709B9600968229 /* Debug */ = {
			isa = XCBuildConfiguration;
			buildSettings = {
				ALWAYS_SEARCH_USER_PATHS = NO;
				CLANG_ANALYZER_NONNULL = YES;
				CLANG_ANALYZER_NUMBER_OBJECT_CONVERSION = YES_AGGRESSIVE;
				CLANG_CXX_LANGUAGE_STANDARD = "gnu++14";
				CLANG_CXX_LIBRARY = "libc++";
				CLANG_ENABLE_MODULES = YES;
				CLANG_ENABLE_OBJC_ARC = YES;
				CLANG_ENABLE_OBJC_WEAK = YES;
				CLANG_WARN_BLOCK_CAPTURE_AUTORELEASING = YES;
				CLANG_WARN_BOOL_CONVERSION = YES;
				CLANG_WARN_COMMA = YES;
				CLANG_WARN_CONSTANT_CONVERSION = YES;
				CLANG_WARN_DEPRECATED_OBJC_IMPLEMENTATIONS = YES;
				CLANG_WARN_DIRECT_OBJC_ISA_USAGE = YES_ERROR;
				CLANG_WARN_DOCUMENTATION_COMMENTS = YES;
				CLANG_WARN_EMPTY_BODY = YES;
				CLANG_WARN_ENUM_CONVERSION = YES;
				CLANG_WARN_INFINITE_RECURSION = YES;
				CLANG_WARN_INT_CONVERSION = YES;
				CLANG_WARN_NON_LITERAL_NULL_CONVERSION = YES;
				CLANG_WARN_OBJC_IMPLICIT_RETAIN_SELF = YES;
				CLANG_WARN_OBJC_LITERAL_CONVERSION = YES;
				CLANG_WARN_OBJC_ROOT_CLASS = YES_ERROR;
				CLANG_WARN_RANGE_LOOP_ANALYSIS = YES;
				CLANG_WARN_STRICT_PROTOTYPES = YES;
				CLANG_WARN_SUSPICIOUS_MOVE = YES;
				CLANG_WARN_UNGUARDED_AVAILABILITY = YES_AGGRESSIVE;
				CLANG_WARN_UNREACHABLE_CODE = YES;
				CLANG_WARN__DUPLICATE_METHOD_MATCH = YES;
				CODE_SIGN_IDENTITY = "iPhone Developer";
				COPY_PHASE_STRIP = NO;
				DEBUG_INFORMATION_FORMAT = dwarf;
				ENABLE_STRICT_OBJC_MSGSEND = YES;
				ENABLE_TESTABILITY = YES;
				GCC_C_LANGUAGE_STANDARD = gnu11;
				GCC_DYNAMIC_NO_PIC = NO;
				GCC_NO_COMMON_BLOCKS = YES;
				GCC_OPTIMIZATION_LEVEL = 0;
				GCC_PREPROCESSOR_DEFINITIONS = (
					"DEBUG=1",
					"$(inherited)",
				);
				GCC_WARN_64_TO_32_BIT_CONVERSION = YES;
				GCC_WARN_ABOUT_RETURN_TYPE = YES_ERROR;
				GCC_WARN_UNDECLARED_SELECTOR = YES;
				GCC_WARN_UNINITIALIZED_AUTOS = YES_AGGRESSIVE;
				GCC_WARN_UNUSED_FUNCTION = YES;
				GCC_WARN_UNUSED_VARIABLE = YES;
				IPHONEOS_DEPLOYMENT_TARGET = 12.0;
				MTL_ENABLE_DEBUG_INFO = INCLUDE_SOURCE;
				MTL_FAST_MATH = YES;
				ONLY_ACTIVE_ARCH = YES;
				SDKROOT = iphoneos;
			};
			name = Debug;
		};
		00215D4B21709B9600968229 /* Release */ = {
			isa = XCBuildConfiguration;
			buildSettings = {
				ALWAYS_SEARCH_USER_PATHS = NO;
				CLANG_ANALYZER_NONNULL = YES;
				CLANG_ANALYZER_NUMBER_OBJECT_CONVERSION = YES_AGGRESSIVE;
				CLANG_CXX_LANGUAGE_STANDARD = "gnu++14";
				CLANG_CXX_LIBRARY = "libc++";
				CLANG_ENABLE_MODULES = YES;
				CLANG_ENABLE_OBJC_ARC = YES;
				CLANG_ENABLE_OBJC_WEAK = YES;
				CLANG_WARN_BLOCK_CAPTURE_AUTORELEASING = YES;
				CLANG_WARN_BOOL_CONVERSION = YES;
				CLANG_WARN_COMMA = YES;
				CLANG_WARN_CONSTANT_CONVERSION = YES;
				CLANG_WARN_DEPRECATED_OBJC_IMPLEMENTATIONS = YES;
				CLANG_WARN_DIRECT_OBJC_ISA_USAGE = YES_ERROR;
				CLANG_WARN_DOCUMENTATION_COMMENTS = YES;
				CLANG_WARN_EMPTY_BODY = YES;
				CLANG_WARN_ENUM_CONVERSION = YES;
				CLANG_WARN_INFINITE_RECURSION = YES;
				CLANG_WARN_INT_CONVERSION = YES;
				CLANG_WARN_NON_LITERAL_NULL_CONVERSION = YES;
				CLANG_WARN_OBJC_IMPLICIT_RETAIN_SELF = YES;
				CLANG_WARN_OBJC_LITERAL_CONVERSION = YES;
				CLANG_WARN_OBJC_ROOT_CLASS = YES_ERROR;
				CLANG_WARN_RANGE_LOOP_ANALYSIS = YES;
				CLANG_WARN_STRICT_PROTOTYPES = YES;
				CLANG_WARN_SUSPICIOUS_MOVE = YES;
				CLANG_WARN_UNGUARDED_AVAILABILITY = YES_AGGRESSIVE;
				CLANG_WARN_UNREACHABLE_CODE = YES;
				CLANG_WARN__DUPLICATE_METHOD_MATCH = YES;
				CODE_SIGN_IDENTITY = "iPhone Developer";
				COPY_PHASE_STRIP = NO;
				DEBUG_INFORMATION_FORMAT = "dwarf-with-dsym";
				ENABLE_NS_ASSERTIONS = NO;
				ENABLE_STRICT_OBJC_MSGSEND = YES;
				GCC_C_LANGUAGE_STANDARD = gnu11;
				GCC_NO_COMMON_BLOCKS = YES;
				GCC_WARN_64_TO_32_BIT_CONVERSION = YES;
				GCC_WARN_ABOUT_RETURN_TYPE = YES_ERROR;
				GCC_WARN_UNDECLARED_SELECTOR = YES;
				GCC_WARN_UNINITIALIZED_AUTOS = YES_AGGRESSIVE;
				GCC_WARN_UNUSED_FUNCTION = YES;
				GCC_WARN_UNUSED_VARIABLE = YES;
				IPHONEOS_DEPLOYMENT_TARGET = 12.0;
				MTL_ENABLE_DEBUG_INFO = NO;
				MTL_FAST_MATH = YES;
				SDKROOT = iphoneos;
				VALIDATE_PRODUCT = YES;
			};
			name = Release;
		};
		00215D4D21709B9600968229 /* Debug */ = {
			isa = XCBuildConfiguration;
			buildSettings = {
				ASSETCATALOG_COMPILER_APPICON_NAME = AppIcon;
				CODE_SIGN_STYLE = Automatic;
				DEVELOPMENT_TEAM = ND2NE475A9;
				INFOPLIST_FILE = __attribute__/Info.plist;
				LD_RUNPATH_SEARCH_PATHS = (
					"$(inherited)",
					"@executable_path/Frameworks",
				);
				PRODUCT_BUNDLE_IDENTIFIER = "ccp.--attribute--";
				PRODUCT_NAME = "$(TARGET_NAME)";
				TARGETED_DEVICE_FAMILY = "1,2";
			};
			name = Debug;
		};
		00215D4E21709B9600968229 /* Release */ = {
			isa = XCBuildConfiguration;
			buildSettings = {
				ASSETCATALOG_COMPILER_APPICON_NAME = AppIcon;
				CODE_SIGN_STYLE = Automatic;
				DEVELOPMENT_TEAM = ND2NE475A9;
				INFOPLIST_FILE = __attribute__/Info.plist;
				LD_RUNPATH_SEARCH_PATHS = (
					"$(inherited)",
					"@executable_path/Frameworks",
				);
				PRODUCT_BUNDLE_IDENTIFIER = "ccp.--attribute--";
				PRODUCT_NAME = "$(TARGET_NAME)";
				TARGETED_DEVICE_FAMILY = "1,2";
			};
			name = Release;
		};
/* End XCBuildConfiguration section */

/* Begin XCConfigurationList section */
		00215D3121709B9400968229 /* Build configuration list for PBXProject "__attribute__" */ = {
			isa = XCConfigurationList;
			buildConfigurations = (
				00215D4A21709B9600968229 /* Debug */,
				00215D4B21709B9600968229 /* Release */,
			);
			defaultConfigurationIsVisible = 0;
			defaultConfigurationName = Release;
		};
		00215D4C21709B9600968229 /* Build configuration list for PBXNativeTarget "__attribute__" */ = {
			isa = XCConfigurationList;
			buildConfigurations = (
				00215D4D21709B9600968229 /* Debug */,
				00215D4E21709B9600968229 /* Release */,
			);
			defaultConfigurationIsVisible = 0;
			defaultConfigurationName = Release;
		};
/* End XCConfigurationList section */
	};
	rootObject = 00215D2E21709B9400968229 /* Project object */;
}
